{
  "version": "5",
  "specifiers": {
    "jsr:@std/assert@*": "1.0.19",
    "jsr:@std/assert@1.0.19": "1.0.19",
    "jsr:@std/assert@^1.0.19": "1.0.19",
    "jsr:@std/internal@^1.0.12": "1.0.14",
    "jsr:@std/internal@^1.0.14": "1.0.14",
    "jsr:@std/testing@1.0.19": "1.0.19"
  },
  "jsr": {
    "@std/assert@1.0.19": {
      "integrity": "eaada96ee120cb980bc47e040f82814d786fe8162ecc53c91d8df60b8755991e",
      "dependencies": [
        "jsr:@std/internal@^1.0.12"
      ]
    },
    "@std/internal@1.0.14": {
      "integrity": "291516b3d4c35024d6ffbc0a9df5bf4c64116e05b50012cf846710152d2ffdf7"
    },
    "@std/testing@1.0.19": {
      "integrity": "f4236172365b216728dc3cc8b5e80a9f4c33083d1e4ede7613d5b25b4014898e",
      "dependencies": [
        "jsr:@std/assert@^1.0.19",
        "jsr:@std/internal@^1.0.14"
      ]
    }
  },
  "workspace": {
    "packageJson": {
      "dependencies": [
        "npm:@codecov/nuxt-plugin@^2.0.1",
        "npm:@commitlint/cli@^21.0.2",
        "npm:@commitlint/config-conventional@^21.1.0",
        "npm:@google/design.md@0.4",
        "npm:@iconify-json/heroicons@^1.2.3",
        "npm:@iconify-json/lucide@^1.2.122",
        "npm:@iconify-json/mdi@^1.2.3",
        "npm:@nuxt/eslint@^1.15.2",
        "npm:@nuxt/image@2",
        "npm:@nuxt/test-utils@^4.1.0",
        "npm:@nuxt/ui@^4.10.0",
        "npm:@nuxtjs/i18n@^10.6.0",
        "npm:@nuxtjs/sitemap@^8.3.2",
        "npm:@pinia/nuxt@~0.11.3",
        "npm:@semantic-release/changelog@^6.0.3",
        "npm:@semantic-release/git@^11.0.1",
        "npm:@semantic-release/npm@^13.1.5",
        "npm:@supabase/supabase-js@^2.110.2",
        "npm:@tailwindcss/postcss@^4.2.2",
        "npm:@types/leaflet@^1.9.21",
        "npm:@types/node@^26.0.1",
        "npm:@vitest/coverage-v8@^4.1.4",
        "npm:@vitest/ui@^4.1.4",
        "npm:@vue-flow/controls@^1.1.3",
        "npm:@vue-flow/core@^1.48.2",
        "npm:@vue-flow/minimap@^1.5.4",
        "npm:@vue/test-utils@^2.4.6",
        "npm:@vueuse/core@^14.2.1",
        "npm:autoprefixer@^10.4.27",
        "npm:defu@^6.1.7",
        "npm:eslint-plugin-import-x@^4.16.2",
        "npm:eslint@^10.2.0",
        "npm:fake-indexeddb@^6.2.5",
        "npm:fallow@3.17.0",
        "npm:fflate@~0.8.3",
        "npm:h3@^1.15.11",
        "npm:happy-dom@^20.8.9",
        "npm:husky@^9.1.7",
        "npm:ipaddr.js@^2.4.0",
        "npm:jsonpath-plus@^10.4.0",
        "npm:knip@^6.26.0",
        "npm:leaflet@^1.9.4",
        "npm:lint-staged@^17.0.7",
        "npm:lru-cache@^11.3.3",
        "npm:nuxt@^4.5.1",
        "npm:ofetch@^1.5.1",
        "npm:pinia-plugin-persistedstate@^4.7.1",
        "npm:pinia@^3.0.4",
        "npm:postcss@^8.5.18",
        "npm:prettier-plugin-tailwindcss@0.8",
        "npm:prettier@^3.8.1",
        "npm:semantic-release@^25.0.3",
        "npm:stripe@^22.3.1",
        "npm:supabase@^2.109.1",
        "npm:tailwindcss@^4.2.2",
        "npm:taze@^19.14.1",
        "npm:tsx@^4.22.4",
        "npm:typescript@^6.0.3",
        "npm:vitest@^4.1.4",
        "npm:vue-router@^5.2.0",
        "npm:vue-tsc@^3.2.7",
        "npm:vue@^3.5.32",
        "npm:wait-on@^9.0.4",
        "npm:wrangler@^4.81.0"
      ]
    }
  }
}
