{
  "name": "TarkovTracker",
  "lockfileVersion": 2,
  "requires": true,
  "packages": {
    "": {
      "devDependencies": {
        "@types/lodash-es": "^4.17.12",
        "@types/node": "^22.14.1"
      }
    },
    "node_modules/@types/lodash": {
      "version": "4.17.16",
      "resolved": "https://registry.npmjs.org/@types/lodash/-/lodash-4.17.16.tgz",
      "integrity": "sha512-HX7Em5NYQAXKW+1T+FiuG27NGwzJfCX3s1GjOa7ujxZa52kjJLOr4FUxT+giF6Tgxv1e+/czV/iTtBw27WTU9g==",
      "dev": true,
      "license": "MIT"
    },
    "node_modules/@types/lodash-es": {
      "version": "4.17.12",
      "resolved": "https://registry.npmjs.org/@types/lodash-es/-/lodash-es-4.17.12.tgz",
      "integrity": "sha512-0NgftHUcV4v34VhXm8QBSftKVXtbkBG3ViCjs6+eJ5a6y6Mi/jiFGPc1sC7QK+9BFhWrURE3EOggmWaSxL9OzQ==",
      "dev": true,
      "license": "MIT",
      "dependencies": {
        "@types/lodash": "*"
      }
    },
    "node_modules/@types/node": {
      "version": "22.14.1",
      "resolved": "https://registry.npmjs.org/@types/node/-/node-22.14.1.tgz",
      "integrity": "sha512-u0HuPQwe/dHrItgHHpmw3N2fYCR6x4ivMNbPHRkBVP4CvN+kiRrKHWk3i8tXiO/joPwXLMYvF9TTF0eqgHIuOw==",
      "dev": true,
      "license": "MIT",
      "dependencies": {
        "undici-types": "~6.21.0"
      }
    },
    "node_modules/undici-types": {
      "version": "6.21.0",
      "resolved": "https://registry.npmjs.org/undici-types/-/undici-types-6.21.0.tgz",
      "integrity": "sha512-iwDZqg0QAGrg9Rav5H4n0M64c3mkR59cJ6wQp+7C4nI0gsmExaedaYLNO44eT4AtBBwjbTiGPMlt2Md0T9H9JQ==",
      "dev": true,
      "license": "MIT"
    }
  },
  "dependencies": {
    "@types/lodash": {
      "version": "4.17.16",
      "resolved": "https://registry.npmjs.org/@types/lodash/-/lodash-4.17.16.tgz",
      "integrity": "sha512-HX7Em5NYQAXKW+1T+FiuG27NGwzJfCX3s1GjOa7ujxZa52kjJLOr4FUxT+giF6Tgxv1e+/czV/iTtBw27WTU9g==",
      "dev": true
    },
    "@types/lodash-es": {
      "version": "4.17.12",
      "resolved": "https://registry.npmjs.org/@types/lodash-es/-/lodash-es-4.17.12.tgz",
      "integrity": "sha512-0NgftHUcV4v34VhXm8QBSftKVXtbkBG3ViCjs6+eJ5a6y6Mi/jiFGPc1sC7QK+9BFhWrURE3EOggmWaSxL9OzQ==",
      "dev": true,
      "requires": {
        "@types/lodash": "*"
      }
    },
    "@types/node": {
      "version": "22.14.1",
      "resolved": "https://registry.npmjs.org/@types/node/-/node-22.14.1.tgz",
      "integrity": "sha512-u0HuPQwe/dHrItgHHpmw3N2fYCR6x4ivMNbPHRkBVP4CvN+kiRrKHWk3i8tXiO/joPwXLMYvF9TTF0eqgHIuOw==",
      "dev": true,
      "requires": {
        "undici-types": "~6.21.0"
      }
    },
    "undici-types": {
      "version": "6.21.0",
      "resolved": "https://registry.npmjs.org/undici-types/-/undici-types-6.21.0.tgz",
      "integrity": "sha512-iwDZqg0QAGrg9Rav5H4n0M64c3mkR59cJ6wQp+7C4nI0gsmExaedaYLNO44eT4AtBBwjbTiGPMlt2Md0T9H9JQ==",
      "dev": true
    }
  }
}
